
Microsoft Visual Studio Solution File, Format Version 12.00
# Visual Studio Version 17
VisualStudioVersion = 17.11.35327.3
MinimumVisualStudioVersion = 10.0.40219.1
Project("{FAE04EC0-301F-11D3-BF4B-00C04F79EFBC}") = "MojLab1Server", "MojLab1Server\MojLab1Server.csproj", "{49B28C70-1787-4383-A64F-09981554D72D}"
EndProject
Project("{FAE04EC0-301F-11D3-BF4B-00C04F79EFBC}") = "MojLab1Client", "MojLab1Client\MojLab1Client.csproj", "{EC5ADA14-F3AE-4053-95E6-78C192A360CD}"
EndProject
Global
	GlobalSection(SolutionConfigurationPlatforms) = preSolution
		Debug|Any CPU = Debug|Any CPU
		Release|Any CPU = Release|Any CPU
	EndGlobalSection
	GlobalSection(ProjectConfigurationPlatforms) = postSolution
		{49B28C70-1787-4383-A64F-09981554D72D}.Debug|Any CPU.ActiveCfg = Debug|Any CPU
		{49B28C70-1787-4383-A64F-09981554D72D}.Debug|Any CPU.Build.0 = Debug|Any CPU
		{49B28C70-1787-4383-A64F-09981554D72D}.Release|Any CPU.ActiveCfg = Release|Any CPU
		{49B28C70-1787-4383-A64F-09981554D72D}.Release|Any CPU.Build.0 = Release|Any CPU
		{EC5ADA14-F3AE-4053-95E6-78C192A360CD}.Debug|Any CPU.ActiveCfg = Debug|Any CPU
		{EC5ADA14-F3AE-4053-95E6-78C192A360CD}.Debug|Any CPU.Build.0 = Debug|Any CPU
		{EC5ADA14-F3AE-4053-95E6-78C192A360CD}.Release|Any CPU.ActiveCfg = Release|Any CPU
		{EC5ADA14-F3AE-4053-95E6-78C192A360CD}.Release|Any CPU.Build.0 = Release|Any CPU
	EndGlobalSection
	GlobalSection(SolutionProperties) = preSolution
		HideSolutionNode = FALSE
	EndGlobalSection
	GlobalSection(ExtensibilityGlobals) = postSolution
		SolutionGuid = {33C1F808-1D68-46A3-A78D-0C0A8E26F642}
	EndGlobalSection
EndGlobal
